
Microsoft Visual Studio Solution File, Format Version 12.00
# Visual Studio Version 17
VisualStudioVersion = 17.4.33403.182
MinimumVisualStudioVersion = 10.0.40219.1
Project("{FAE04EC0-301F-11D3-BF4B-00C04F79EFBC}") = "Olympics", "Olympics\Olympics.csproj", "{5DF5B408-60C0-43A2-B09C-7ED361DC9B5C}"
EndProject
Global
	GlobalSection(SolutionConfigurationPlatforms) = preSolution
		Debug|Any CPU = Debug|Any CPU
		Release|Any CPU = Release|Any CPU
	EndGlobalSection
	GlobalSection(ProjectConfigurationPlatforms) = postSolution
		{5DF5B408-60C0-43A2-B09C-7ED361DC9B5C}.Debug|Any CPU.ActiveCfg = Debug|Any CPU
		{5DF5B408-60C0-43A2-B09C-7ED361DC9B5C}.Debug|Any CPU.Build.0 = Debug|Any CPU
		{5DF5B408-60C0-43A2-B09C-7ED361DC9B5C}.Release|Any CPU.ActiveCfg = Release|Any CPU
		{5DF5B408-60C0-43A2-B09C-7ED361DC9B5C}.Release|Any CPU.Build.0 = Release|Any CPU
	EndGlobalSection
	GlobalSection(SolutionProperties) = preSolution
		HideSolutionNode = FALSE
	EndGlobalSection
	GlobalSection(ExtensibilityGlobals) = postSolution
		SolutionGuid = {006DC72E-E894-4DAB-AC79-D2C3DBCE31C1}
	EndGlobalSection
EndGlobal
